
Microsoft Visual Studio Solution File, Format Version 12.00
# Visual Studio Version 17
VisualStudioVersion = 17.9.34723.18
MinimumVisualStudioVersion = 10.0.40219.1
Project("{FAE04EC0-301F-11D3-BF4B-00C04F79EFBC}") = "KontrolSinifiUygulamasi", "KontrolSinifiUygulamasi\KontrolSinifiUygulamasi.csproj", "{304E893D-4059-40DB-82F6-E00CE265006D}"
EndProject
Global
	GlobalSection(SolutionConfigurationPlatforms) = preSolution
		Debug|Any CPU = Debug|Any CPU
		Release|Any CPU = Release|Any CPU
	EndGlobalSection
	GlobalSection(ProjectConfigurationPlatforms) = postSolution
		{304E893D-4059-40DB-82F6-E00CE265006D}.Debug|Any CPU.ActiveCfg = Debug|Any CPU
		{304E893D-4059-40DB-82F6-E00CE265006D}.Debug|Any CPU.Build.0 = Debug|Any CPU
		{304E893D-4059-40DB-82F6-E00CE265006D}.Release|Any CPU.ActiveCfg = Release|Any CPU
		{304E893D-4059-40DB-82F6-E00CE265006D}.Release|Any CPU.Build.0 = Release|Any CPU
	EndGlobalSection
	GlobalSection(SolutionProperties) = preSolution
		HideSolutionNode = FALSE
	EndGlobalSection
	GlobalSection(ExtensibilityGlobals) = postSolution
		SolutionGuid = {D9AF1479-4229-4486-B3F6-8E228A6F54E3}
	EndGlobalSection
EndGlobal
